{
    "_readme": [
        "This file locks the dependencies of your project to a known state",
        "Read more about it at https://getcomposer.org/doc/01-basic-usage.md#composer-lock-the-lock-file",
        "This file is @generated automatically"
    ],
    "hash": "9d8fe662dc62a8ba12677c05784a15a2",
    "content-hash": "22005d4969170f25ba7fa636a2049386",
    "packages": [],
    "packages-dev": [],
    "aliases": [],
    "minimum-stability": "stable",
    "stability-flags": [],
    "prefer-stable": false,
    "prefer-lowest": false,
    "platform": {
        "php": ">=5.3.0",
        "ext-pdo": "*",
        "ext-json": "*"
    },
    "platform-dev": []
}
